
Microsoft Visual Studio Solution File, Format Version 11.00
# Visual Studio 2010
Project("{FAE04EC0-301F-11D3-BF4B-00C04F79EFBC}") = "A Hero's Purgatory - Copy", "Assembly-CSharp.csproj", "{74F3431A-C1B6-C6CD-474E-390716A3050D}"
EndProject
Project("{FAE04EC0-301F-11D3-BF4B-00C04F79EFBC}") = "A Hero's Purgatory - Copy", "Assembly-CSharp-Editor.csproj", "{CE512922-8E69-87DE-F11A-D78A70274B14}"
EndProject
Global
	GlobalSection(SolutionConfigurationPlatforms) = preSolution
		Debug|Any CPU = Debug|Any CPU
		Release|Any CPU = Release|Any CPU
	EndGlobalSection
	GlobalSection(ProjectConfigurationPlatforms) = postSolution
		{74F3431A-C1B6-C6CD-474E-390716A3050D}.Debug|Any CPU.ActiveCfg = Debug|Any CPU
		{74F3431A-C1B6-C6CD-474E-390716A3050D}.Debug|Any CPU.Build.0 = Debug|Any CPU
		{74F3431A-C1B6-C6CD-474E-390716A3050D}.Release|Any CPU.ActiveCfg = Release|Any CPU
		{74F3431A-C1B6-C6CD-474E-390716A3050D}.Release|Any CPU.Build.0 = Release|Any CPU
		{CE512922-8E69-87DE-F11A-D78A70274B14}.Debug|Any CPU.ActiveCfg = Debug|Any CPU
		{CE512922-8E69-87DE-F11A-D78A70274B14}.Debug|Any CPU.Build.0 = Debug|Any CPU
		{CE512922-8E69-87DE-F11A-D78A70274B14}.Release|Any CPU.ActiveCfg = Release|Any CPU
		{CE512922-8E69-87DE-F11A-D78A70274B14}.Release|Any CPU.Build.0 = Release|Any CPU
	EndGlobalSection
	GlobalSection(SolutionProperties) = preSolution
		HideSolutionNode = FALSE
	EndGlobalSection
	GlobalSection(MonoDevelopProperties) = preSolution
		StartupItem = Assembly-CSharp.csproj
	EndGlobalSection
EndGlobal
